
Microsoft Visual Studio Solution File, Format Version 12.00
# Visual Studio Version 17
VisualStudioVersion = 17.1.32328.378
MinimumVisualStudioVersion = 10.0.40219.1
Project("{FAE04EC0-301F-11D3-BF4B-00C04F79EFBC}") = "CSharp.LabExercise1", "CSharp.LabExercise1\CSharp.LabExercise1.csproj", "{78F2DA8B-2A7B-49E2-BA1E-4D8049E92507}"
EndProject
Global
	GlobalSection(SolutionConfigurationPlatforms) = preSolution
		Debug|Any CPU = Debug|Any CPU
		Release|Any CPU = Release|Any CPU
	EndGlobalSection
	GlobalSection(ProjectConfigurationPlatforms) = postSolution
		{78F2DA8B-2A7B-49E2-BA1E-4D8049E92507}.Debug|Any CPU.ActiveCfg = Debug|Any CPU
		{78F2DA8B-2A7B-49E2-BA1E-4D8049E92507}.Debug|Any CPU.Build.0 = Debug|Any CPU
		{78F2DA8B-2A7B-49E2-BA1E-4D8049E92507}.Release|Any CPU.ActiveCfg = Release|Any CPU
		{78F2DA8B-2A7B-49E2-BA1E-4D8049E92507}.Release|Any CPU.Build.0 = Release|Any CPU
	EndGlobalSection
	GlobalSection(SolutionProperties) = preSolution
		HideSolutionNode = FALSE
	EndGlobalSection
	GlobalSection(ExtensibilityGlobals) = postSolution
		SolutionGuid = {39533F05-ACA5-4876-9807-673043CE7A4C}
	EndGlobalSection
EndGlobal
